
Microsoft Visual Studio Solution File, Format Version 12.00
# Visual Studio Version 17
VisualStudioVersion = 17.1.32421.90
MinimumVisualStudioVersion = 10.0.40219.1
Project("{9A19103F-16F7-4668-BE54-9A1E7A4F7556}") = "TP1 V3", "TP1 V3\TP1 V3.csproj", "{B645CDDC-E6F4-4338-980E-61194A6C480A}"
EndProject
Global
	GlobalSection(SolutionConfigurationPlatforms) = preSolution
		Debug|Any CPU = Debug|Any CPU
		Release|Any CPU = Release|Any CPU
	EndGlobalSection
	GlobalSection(ProjectConfigurationPlatforms) = postSolution
		{B645CDDC-E6F4-4338-980E-61194A6C480A}.Debug|Any CPU.ActiveCfg = Debug|Any CPU
		{B645CDDC-E6F4-4338-980E-61194A6C480A}.Debug|Any CPU.Build.0 = Debug|Any CPU
		{B645CDDC-E6F4-4338-980E-61194A6C480A}.Release|Any CPU.ActiveCfg = Release|Any CPU
		{B645CDDC-E6F4-4338-980E-61194A6C480A}.Release|Any CPU.Build.0 = Release|Any CPU
	EndGlobalSection
	GlobalSection(SolutionProperties) = preSolution
		HideSolutionNode = FALSE
	EndGlobalSection
	GlobalSection(ExtensibilityGlobals) = postSolution
		SolutionGuid = {F1E05776-D0E0-4C12-8AA3-A3E730449C21}
	EndGlobalSection
EndGlobal
